{
  "name": "balena-node-red",
  "version": "1.0.0",
  "lockfileVersion": 3,
  "requires": true,
  "packages": {
      "": {
          "name": "balena-node-red",
          "version": "1.0.0",
          "license": "Apache-2.0",
          "dependencies": {
              "@node-red-contrib-themes/theme-collection": "^4.0.11",
              "bcryptjs": "^2.4.3"
          }
      },
      "node_modules/@node-red-contrib-themes/theme-collection": {
          "version": "4.0.11",
          "resolved": "https://registry.npmjs.org/@node-red-contrib-themes/theme-collection/-/theme-collection-4.0.11.tgz",
          "integrity": "sha512-lSAyiVLbGiNxP4+f/wjf4Pn9Z4M2okQxZjnY0EGZEpliTFy3SIvGfmK4cWAlHwMEbSjnqwzTfC+Sr9YzQUZjYA==",
          "license": "MIT",
          "engines": {
              "node": ">=18"
          }
      },
      "node_modules/bcryptjs": {
          "version": "2.4.3",
          "resolved": "https://registry.npmjs.org/bcryptjs/-/bcryptjs-2.4.3.tgz",
          "integrity": "sha1-mrVie5PmBiH/fNrF2pczAn3x0Ms="
      }
  }
}